// !$*UTF8*$!
{
	archiveVersion = 1;
	classes = {
	};
	objectVersion = 46;
	objects = {

/* Begin PBXBuildFile section */
		37D52A021A7ABBEC00E6FE97 /* AppDelegate.swift in Sources */ = {isa = PBXBuildFile; fileRef = 37D52A011A7ABBEC00E6FE97 /* AppDelegate.swift */; };
		37D52A041A7ABBEC00E6FE97 /* FirstViewController.swift in Sources */ = {isa = PBXBuildFile; fileRef = 37D52A031A7ABBEC00E6FE97 /* FirstViewController.swift */; };
		37D52A061A7ABBEC00E6FE97 /* SecondViewController.swift in Sources */ = {isa = PBXBuildFile; fileRef = 37D52A051A7ABBEC00E6FE97 /* SecondViewController.swift */; };
		37D52A091A7ABBEC00E6FE97 /* Main.storyboard in Resources */ = {isa = PBXBuildFile; fileRef = 37D52A071A7ABBEC00E6FE97 /* Main.storyboard */; };
		37D52A0B1A7ABBEC00E6FE97 /* Images.xcassets in Resources */ = {isa = PBXBuildFile; fileRef = 37D52A0A1A7ABBEC00E6FE97 /* Images.xcassets */; };
		37D52A0E1A7ABBEC00E6FE97 /* LaunchScreen.xib in Resources */ = {isa = PBXBuildFile; fileRef = 37D52A0C1A7ABBEC00E6FE97 /* LaunchScreen.xib */; };
		37D52A1A1A7ABBEC00E6FE97 /* scoutTrackerTests.swift in Sources */ = {isa = PBXBuildFile; fileRef = 37D52A191A7ABBEC00E6FE97 /* scoutTrackerTests.swift */; };
/* End PBXBuildFile section */

/* Begin PBXContainerItemProxy section */
		37D52A141A7ABBEC00E6FE97 /* PBXContainerItemProxy */ = {
			isa = PBXContainerItemProxy;
			containerPortal = 37D529F41A7ABBEC00E6FE97 /* Project object */;
			proxyType = 1;
			remoteGlobalIDString = 37D529FB1A7ABBEC00E6FE97;
			remoteInfo = scoutTracker;
		};
/* End PBXContainerItemProxy section */

/* Begin PBXFileReference section */
		37D529FC1A7ABBEC00E6FE97 /* scoutTracker.app */ = {isa = PBXFileReference; explicitFileType = wrapper.application; includeInIndex = 0; path = scoutTracker.app; sourceTree = BUILT_PRODUCTS_DIR; };
		37D52A001A7ABBEC00E6FE97 /* Info.plist */ = {isa = PBXFileReference; lastKnownFileType = text.plist.xml; path = Info.plist; sourceTree = "<group>"; };
		37D52A011A7ABBEC00E6FE97 /* AppDelegate.swift */ = {isa = PBXFileReference; lastKnownFileType = sourcecode.swift; path = AppDelegate.swift; sourceTree = "<group>"; };
		37D52A031A7ABBEC00E6FE97 /* FirstViewController.swift */ = {isa = PBXFileReference; lastKnownFileType = sourcecode.swift; path = FirstViewController.swift; sourceTree = "<group>"; };
		37D52A051A7ABBEC00E6FE97 /* SecondViewController.swift */ = {isa = PBXFileReference; lastKnownFileType = sourcecode.swift; path = SecondViewController.swift; sourceTree = "<group>"; };
		37D52A081A7ABBEC00E6FE97 /* Base */ = {isa = PBXFileReference; lastKnownFileType = file.storyboard; name = Base; path = Base.lproj/Main.storyboard; sourceTree = "<group>"; };
		37D52A0A1A7ABBEC00E6FE97 /* Images.xcassets */ = {isa = PBXFileReference; lastKnownFileType = folder.assetcatalog; path = Images.xcassets; sourceTree = "<group>"; };
		37D52A0D1A7ABBEC00E6FE97 /* Base */ = {isa = PBXFileReference; lastKnownFileType = file.xib; name = Base; path = Base.lproj/LaunchScreen.xib; sourceTree = "<group>"; };
		37D52A131A7ABBEC00E6FE97 /* scoutTrackerTests.xctest */ = {isa = PBXFileReference; explicitFileType = wrapper.cfbundle; includeInIndex = 0; path = scoutTrackerTests.xctest; sourceTree = BUILT_PRODUCTS_DIR; };
		37D52A181A7ABBEC00E6FE97 /* Info.plist */ = {isa = PBXFileReference; lastKnownFileType = text.plist.xml; path = Info.plist; sourceTree = "<group>"; };
		37D52A191A7ABBEC00E6FE97 /* scoutTrackerTests.swift */ = {isa = PBXFileReference; lastKnownFileType = sourcecode.swift; path = scoutTrackerTests.swift; sourceTree = "<group>"; };
		37D52A231A7ABCC100E6FE97 /* scoutTracker.entitlements */ = {isa = PBXFileReference; lastKnownFileType = text.xml; path = scoutTracker.entitlements; sourceTree = "<group>"; };
/* End PBXFileReference section */

/* Begin PBXFrameworksBuildPhase section */
		37D529F91A7ABBEC00E6FE97 /* Frameworks */ = {
			isa = PBXFrameworksBuildPhase;
			buildActionMask = 2147483647;
			files = (
			);
			runOnlyForDeploymentPostprocessing = 0;
		};
		37D52A101A7ABBEC00E6FE97 /* Frameworks */ = {
			isa = PBXFrameworksBuildPhase;
			buildActionMask = 2147483647;
			files = (
			);
			runOnlyForDeploymentPostprocessing = 0;
		};
/* End PBXFrameworksBuildPhase section */

/* Begin PBXGroup section */
		37D529F31A7ABBEC00E6FE97 = {
			isa = PBXGroup;
			children = (
				37D529FE1A7ABBEC00E6FE97 /* scoutTracker */,
				37D52A161A7ABBEC00E6FE97 /* scoutTrackerTests */,
				37D529FD1A7ABBEC00E6FE97 /* Products */,
			);
			sourceTree = "<group>";
		};
		37D529FD1A7ABBEC00E6FE97 /* Products */ = {
			isa = PBXGroup;
			children = (
				37D529FC1A7ABBEC00E6FE97 /* scoutTracker.app */,
				37D52A131A7ABBEC00E6FE97 /* scoutTrackerTests.xctest */,
			);
			name = Products;
			sourceTree = "<group>";
		};
		37D529FE1A7ABBEC00E6FE97 /* scoutTracker */ = {
			isa = PBXGroup;
			children = (
				37D52A231A7ABCC100E6FE97 /* scoutTracker.entitlements */,
				37D52A011A7ABBEC00E6FE97 /* AppDelegate.swift */,
				37D52A031A7ABBEC00E6FE97 /* FirstViewController.swift */,
				37D52A051A7ABBEC00E6FE97 /* SecondViewController.swift */,
				37D52A071A7ABBEC00E6FE97 /* Main.storyboard */,
				37D52A0A1A7ABBEC00E6FE97 /* Images.xcassets */,
				37D52A0C1A7ABBEC00E6FE97 /* LaunchScreen.xib */,
				37D529FF1A7ABBEC00E6FE97 /* Supporting Files */,
			);
			path = scoutTracker;
			sourceTree = "<group>";
		};
		37D529FF1A7ABBEC00E6FE97 /* Supporting Files */ = {
			isa = PBXGroup;
			children = (
				37D52A001A7ABBEC00E6FE97 /* Info.plist */,
			);
			name = "Supporting Files";
			sourceTree = "<group>";
		};
		37D52A161A7ABBEC00E6FE97 /* scoutTrackerTests */ = {
			isa = PBXGroup;
			children = (
				37D52A191A7ABBEC00E6FE97 /* scoutTrackerTests.swift */,
				37D52A171A7ABBEC00E6FE97 /* Supporting Files */,
			);
			path = scoutTrackerTests;
			sourceTree = "<group>";
		};
		37D52A171A7ABBEC00E6FE97 /* Supporting Files */ = {
			isa = PBXGroup;
			children = (
				37D52A181A7ABBEC00E6FE97 /* Info.plist */,
			);
			name = "Supporting Files";
			sourceTree = "<group>";
		};
/* End PBXGroup section */

/* Begin PBXNativeTarget section */
		37D529FB1A7ABBEC00E6FE97 /* scoutTracker */ = {
			isa = PBXNativeTarget;
			buildConfigurationList = 37D52A1D1A7ABBEC00E6FE97 /* Build configuration list for PBXNativeTarget "scoutTracker" */;
			buildPhases = (
				37D529F81A7ABBEC00E6FE97 /* Sources */,
				37D529F91A7ABBEC00E6FE97 /* Frameworks */,
				37D529FA1A7ABBEC00E6FE97 /* Resources */,
			);
			buildRules = (
			);
			dependencies = (
			);
			name = scoutTracker;
			productName = scoutTracker;
			productReference = 37D529FC1A7ABBEC00E6FE97 /* scoutTracker.app */;
			productType = "com.apple.product-type.application";
		};
		37D52A121A7ABBEC00E6FE97 /* scoutTrackerTests */ = {
			isa = PBXNativeTarget;
			buildConfigurationList = 37D52A201A7ABBEC00E6FE97 /* Build configuration list for PBXNativeTarget "scoutTrackerTests" */;
			buildPhases = (
				37D52A0F1A7ABBEC00E6FE97 /* Sources */,
				37D52A101A7ABBEC00E6FE97 /* Frameworks */,
				37D52A111A7ABBEC00E6FE97 /* Resources */,
			);
			buildRules = (
			);
			dependencies = (
				37D52A151A7ABBEC00E6FE97 /* PBXTargetDependency */,
			);
			name = scoutTrackerTests;
			productName = scoutTrackerTests;
			productReference = 37D52A131A7ABBEC00E6FE97 /* scoutTrackerTests.xctest */;
			productType = "com.apple.product-type.bundle.unit-test";
		};
/* End PBXNativeTarget section */

/* Begin PBXProject section */
		37D529F41A7ABBEC00E6FE97 /* Project object */ = {
			isa = PBXProject;
			attributes = {
				LastUpgradeCheck = 0610;
				ORGANIZATIONNAME = DoubleGDesigns;
				TargetAttributes = {
					37D529FB1A7ABBEC00E6FE97 = {
						CreatedOnToolsVersion = 6.1.1;
						DevelopmentTeam = 4PCMAPG3W2;
						SystemCapabilities = {
							com.apple.DataProtection = {
								enabled = 0;
							};
							com.apple.iCloud = {
								enabled = 0;
							};
						};
					};
					37D52A121A7ABBEC00E6FE97 = {
						CreatedOnToolsVersion = 6.1.1;
						TestTargetID = 37D529FB1A7ABBEC00E6FE97;
					};
				};
			};
			buildConfigurationList = 37D529F71A7ABBEC00E6FE97 /* Build configuration list for PBXProject "scoutTracker" */;
			compatibilityVersion = "Xcode 3.2";
			developmentRegion = English;
			hasScannedForEncodings = 0;
			knownRegions = (
				en,
				Base,
			);
			mainGroup = 37D529F31A7ABBEC00E6FE97;
			productRefGroup = 37D529FD1A7ABBEC00E6FE97 /* Products */;
			projectDirPath = "";
			projectRoot = "";
			targets = (
				37D529FB1A7ABBEC00E6FE97 /* scoutTracker */,
				37D52A121A7ABBEC00E6FE97 /* scoutTrackerTests */,
			);
		};
/* End PBXProject section */

/* Begin PBXResourcesBuildPhase section */
		37D529FA1A7ABBEC00E6FE97 /* Resources */ = {
			isa = PBXResourcesBuildPhase;
			buildActionMask = 2147483647;
			files = (
				37D52A091A7ABBEC00E6FE97 /* Main.storyboard in Resources */,
				37D52A0E1A7ABBEC00E6FE97 /* LaunchScreen.xib in Resources */,
				37D52A0B1A7ABBEC00E6FE97 /* Images.xcassets in Resources */,
			);
			runOnlyForDeploymentPostprocessing = 0;
		};
		37D52A111A7ABBEC00E6FE97 /* Resources */ = {
			isa = PBXResourcesBuildPhase;
			buildActionMask = 2147483647;
			files = (
			);
			runOnlyForDeploymentPostprocessing = 0;
		};
/* End PBXResourcesBuildPhase section */

/* Begin PBXSourcesBuildPhase section */
		37D529F81A7ABBEC00E6FE97 /* Sources */ = {
			isa = PBXSourcesBuildPhase;
			buildActionMask = 2147483647;
			files = (
				37D52A061A7ABBEC00E6FE97 /* SecondViewController.swift in Sources */,
				37D52A021A7ABBEC00E6FE97 /* AppDelegate.swift in Sources */,
				37D52A041A7ABBEC00E6FE97 /* FirstViewController.swift in Sources */,
			);
			runOnlyForDeploymentPostprocessing = 0;
		};
		37D52A0F1A7ABBEC00E6FE97 /* Sources */ = {
			isa = PBXSourcesBuildPhase;
			buildActionMask = 2147483647;
			files = (
				37D52A1A1A7ABBEC00E6FE97 /* scoutTrackerTests.swift in Sources */,
			);
			runOnlyForDeploymentPostprocessing = 0;
		};
/* End PBXSourcesBuildPhase section */

/* Begin PBXTargetDependency section */
		37D52A151A7ABBEC00E6FE97 /* PBXTargetDependency */ = {
			isa = PBXTargetDependency;
			target = 37D529FB1A7ABBEC00E6FE97 /* scoutTracker */;
			targetProxy = 37D52A141A7ABBEC00E6FE97 /* PBXContainerItemProxy */;
		};
/* End PBXTargetDependency section */

/* Begin PBXVariantGroup section */
		37D52A071A7ABBEC00E6FE97 /* Main.storyboard */ = {
			isa = PBXVariantGroup;
			children = (
				37D52A081A7ABBEC00E6FE97 /* Base */,
			);
			name = Main.storyboard;
			sourceTree = "<group>";
		};
		37D52A0C1A7ABBEC00E6FE97 /* LaunchScreen.xib */ = {
			isa = PBXVariantGroup;
			children = (
				37D52A0D1A7ABBEC00E6FE97 /* Base */,
			);
			name = LaunchScreen.xib;
			sourceTree = "<group>";
		};
/* End PBXVariantGroup section */

/* Begin XCBuildConfiguration section */
		37D52A1B1A7ABBEC00E6FE97 /* Debug */ = {
			isa = XCBuildConfiguration;
			buildSettings = {
				ALWAYS_SEARCH_USER_PATHS = NO;
				CLANG_CXX_LANGUAGE_STANDARD = "gnu++0x";
				CLANG_CXX_LIBRARY = "libc++";
				CLANG_ENABLE_MODULES = YES;
				CLANG_ENABLE_OBJC_ARC = YES;
				CLANG_WARN_BOOL_CONVERSION = YES;
				CLANG_WARN_CONSTANT_CONVERSION = YES;
				CLANG_WARN_DIRECT_OBJC_ISA_USAGE = YES_ERROR;
				CLANG_WARN_EMPTY_BODY = YES;
				CLANG_WARN_ENUM_CONVERSION = YES;
				CLANG_WARN_INT_CONVERSION = YES;
				CLANG_WARN_OBJC_ROOT_CLASS = YES_ERROR;
				CLANG_WARN_UNREACHABLE_CODE = YES;
				CLANG_WARN__DUPLICATE_METHOD_MATCH = YES;
				"CODE_SIGN_IDENTITY[sdk=iphoneos*]" = "iPhone Developer";
				COPY_PHASE_STRIP = NO;
				ENABLE_STRICT_OBJC_MSGSEND = YES;
				GCC_C_LANGUAGE_STANDARD = gnu99;
				GCC_DYNAMIC_NO_PIC = NO;
				GCC_OPTIMIZATION_LEVEL = 0;
				GCC_PREPROCESSOR_DEFINITIONS = (
					"DEBUG=1",
					"$(inherited)",
				);
				GCC_SYMBOLS_PRIVATE_EXTERN = NO;
				GCC_WARN_64_TO_32_BIT_CONVERSION = YES;
				GCC_WARN_ABOUT_RETURN_TYPE = YES_ERROR;
				GCC_WARN_UNDECLARED_SELECTOR = YES;
				GCC_WARN_UNINITIALIZED_AUTOS = YES_AGGRESSIVE;
				GCC_WARN_UNUSED_FUNCTION = YES;
				GCC_WARN_UNUSED_VARIABLE = YES;
				IPHONEOS_DEPLOYMENT_TARGET = 8.1;
				MTL_ENABLE_DEBUG_INFO = YES;
				ONLY_ACTIVE_ARCH = YES;
				SDKROOT = iphoneos;
				SWIFT_OPTIMIZATION_LEVEL = "-Onone";
				TARGETED_DEVICE_FAMILY = "1,2";
			};
			name = Debug;
		};
		37D52A1C1A7ABBEC00E6FE97 /* Release */ = {
			isa = XCBuildConfiguration;
			buildSettings = {
				ALWAYS_SEARCH_USER_PATHS = NO;
				CLANG_CXX_LANGUAGE_STANDARD = "gnu++0x";
				CLANG_CXX_LIBRARY = "libc++";
				CLANG_ENABLE_MODULES = YES;
				CLANG_ENABLE_OBJC_ARC = YES;
				CLANG_WARN_BOOL_CONVERSION = YES;
				CLANG_WARN_CONSTANT_CONVERSION = YES;
				CLANG_WARN_DIRECT_OBJC_ISA_USAGE = YES_ERROR;
				CLANG_WARN_EMPTY_BODY = YES;
				CLANG_WARN_ENUM_CONVERSION = YES;
				CLANG_WARN_INT_CONVERSION = YES;
				CLANG_WARN_OBJC_ROOT_CLASS = YES_ERROR;
				CLANG_WARN_UNREACHABLE_CODE = YES;
				CLANG_WARN__DUPLICATE_METHOD_MATCH = YES;
				"CODE_SIGN_IDENTITY[sdk=iphoneos*]" = "iPhone Developer";
				COPY_PHASE_STRIP = YES;
				ENABLE_NS_ASSERTIONS = NO;
				ENABLE_STRICT_OBJC_MSGSEND = YES;
				GCC_C_LANGUAGE_STANDARD = gnu99;
				GCC_WARN_64_TO_32_BIT_CONVERSION = YES;
				GCC_WARN_ABOUT_RETURN_TYPE = YES_ERROR;
				GCC_WARN_UNDECLARED_SELECTOR = YES;
				GCC_WARN_UNINITIALIZED_AUTOS = YES_AGGRESSIVE;
				GCC_WARN_UNUSED_FUNCTION = YES;
				GCC_WARN_UNUSED_VARIABLE = YES;
				IPHONEOS_DEPLOYMENT_TARGET = 8.1;
				MTL_ENABLE_DEBUG_INFO = NO;
				SDKROOT = iphoneos;
				TARGETED_DEVICE_FAMILY = "1,2";
				VALIDATE_PRODUCT = YES;
			};
			name = Release;
		};
		37D52A1E1A7ABBEC00E6FE97 /* Debug */ = {
			isa = XCBuildConfiguration;
			buildSettings = {
				ASSETCATALOG_COMPILER_APPICON_NAME = AppIcon;
				CODE_SIGN_IDENTITY = "iPhone Developer";
				"CODE_SIGN_IDENTITY[sdk=iphoneos*]" = "iPhone Developer";
				INFOPLIST_FILE = scoutTracker/Info.plist;
				LD_RUNPATH_SEARCH_PATHS = "$(inherited) @executable_path/Frameworks";
				PRODUCT_NAME = "$(TARGET_NAME)";
				PROVISIONING_PROFILE = "";
			};
			name = Debug;
		};
		37D52A1F1A7ABBEC00E6FE97 /* Release */ = {
			isa = XCBuildConfiguration;
			buildSettings = {
				ASSETCATALOG_COMPILER_APPICON_NAME = AppIcon;
				CODE_SIGN_IDENTITY = "iPhone Developer";
				"CODE_SIGN_IDENTITY[sdk=iphoneos*]" = "iPhone Developer";
				INFOPLIST_FILE = scoutTracker/Info.plist;
				LD_RUNPATH_SEARCH_PATHS = "$(inherited) @executable_path/Frameworks";
				PRODUCT_NAME = "$(TARGET_NAME)";
				PROVISIONING_PROFILE = "";
			};
			name = Release;
		};
		37D52A211A7ABBEC00E6FE97 /* Debug */ = {
			isa = XCBuildConfiguration;
			buildSettings = {
				BUNDLE_LOADER = "$(TEST_HOST)";
				FRAMEWORK_SEARCH_PATHS = (
					"$(SDKROOT)/Developer/Library/Frameworks",
					"$(inherited)",
				);
				GCC_PREPROCESSOR_DEFINITIONS = (
					"DEBUG=1",
					"$(inherited)",
				);
				INFOPLIST_FILE = scoutTrackerTests/Info.plist;
				LD_RUNPATH_SEARCH_PATHS = "$(inherited) @executable_path/Frameworks @loader_path/Frameworks";
				PRODUCT_NAME = "$(TARGET_NAME)";
				TEST_HOST = "$(BUILT_PRODUCTS_DIR)/scoutTracker.app/scoutTracker";
			};
			name = Debug;
		};
		37D52A221A7ABBEC00E6FE97 /* Release */ = {
			isa = XCBuildConfiguration;
			buildSettings = {
				BUNDLE_LOADER = "$(TEST_HOST)";
				FRAMEWORK_SEARCH_PATHS = (
					"$(SDKROOT)/Developer/Library/Frameworks",
					"$(inherited)",
				);
				INFOPLIST_FILE = scoutTrackerTests/Info.plist;
				LD_RUNPATH_SEARCH_PATHS = "$(inherited) @executable_path/Frameworks @loader_path/Frameworks";
				PRODUCT_NAME = "$(TARGET_NAME)";
				TEST_HOST = "$(BUILT_PRODUCTS_DIR)/scoutTracker.app/scoutTracker";
			};
			name = Release;
		};
/* End XCBuildConfiguration section */

/* Begin XCConfigurationList section */
		37D529F71A7ABBEC00E6FE97 /* Build configuration list for PBXProject "scoutTracker" */ = {
			isa = XCConfigurationList;
			buildConfigurations = (
				37D52A1B1A7ABBEC00E6FE97 /* Debug */,
				37D52A1C1A7ABBEC00E6FE97 /* Release */,
			);
			defaultConfigurationIsVisible = 0;
			defaultConfigurationName = Release;
		};
		37D52A1D1A7ABBEC00E6FE97 /* Build configuration list for PBXNativeTarget "scoutTracker" */ = {
			isa = XCConfigurationList;
			buildConfigurations = (
				37D52A1E1A7ABBEC00E6FE97 /* Debug */,
				37D52A1F1A7ABBEC00E6FE97 /* Release */,
			);
			defaultConfigurationIsVisible = 0;
		};
		37D52A201A7ABBEC00E6FE97 /* Build configuration list for PBXNativeTarget "scoutTrackerTests" */ = {
			isa = XCConfigurationList;
			buildConfigurations = (
				37D52A211A7ABBEC00E6FE97 /* Debug */,
				37D52A221A7ABBEC00E6FE97 /* Release */,
			);
			defaultConfigurationIsVisible = 0;
		};
/* End XCConfigurationList section */
	};
	rootObject = 37D529F41A7ABBEC00E6FE97 /* Project object */;
}
